
Microsoft Visual Studio Solution File, Format Version 12.00
# Visual Studio 15
VisualStudioVersion = 15.0.27004.2010
MinimumVisualStudioVersion = 10.0.40219.1
Project("{FAE04EC0-301F-11D3-BF4B-00C04F79EFBC}") = "Cryptobot", "Cryptobot\Cryptobot.csproj", "{55A53433-3BA2-46E3-B062-5C5B7DB96EDD}"
EndProject
Global
	GlobalSection(SolutionConfigurationPlatforms) = preSolution
		Debug|Any CPU = Debug|Any CPU
		Release|Any CPU = Release|Any CPU
	EndGlobalSection
	GlobalSection(ProjectConfigurationPlatforms) = postSolution
		{55A53433-3BA2-46E3-B062-5C5B7DB96EDD}.Debug|Any CPU.ActiveCfg = Debug|Any CPU
		{55A53433-3BA2-46E3-B062-5C5B7DB96EDD}.Debug|Any CPU.Build.0 = Debug|Any CPU
		{55A53433-3BA2-46E3-B062-5C5B7DB96EDD}.Release|Any CPU.ActiveCfg = Release|Any CPU
		{55A53433-3BA2-46E3-B062-5C5B7DB96EDD}.Release|Any CPU.Build.0 = Release|Any CPU
	EndGlobalSection
	GlobalSection(SolutionProperties) = preSolution
		HideSolutionNode = FALSE
	EndGlobalSection
	GlobalSection(ExtensibilityGlobals) = postSolution
		SolutionGuid = {9100B0CA-C21C-4AEC-9A7B-DE790FF60512}
	EndGlobalSection
EndGlobal
