
Microsoft Visual Studio Solution File, Format Version 12.00
# Visual Studio 15
VisualStudioVersion = 15.0.27130.2010
MinimumVisualStudioVersion = 10.0.40219.1
Project("{9A19103F-16F7-4668-BE54-9A1E7A4F7556}") = "Cryptobot", "Cryptobot\Cryptobot.csproj", "{55A53433-3BA2-46E3-B062-5C5B7DB96EDD}"
EndProject
Project("{E53339B2-1760-4266-BCC7-CA923CBCF16C}") = "docker-compose", "docker-compose.dcproj", "{DF205750-335F-4FC1-97B1-494F6A33B8C0}"
EndProject
Global
	GlobalSection(SolutionConfigurationPlatforms) = preSolution
		Debug|Any CPU = Debug|Any CPU
		Release|Any CPU = Release|Any CPU
	EndGlobalSection
	GlobalSection(ProjectConfigurationPlatforms) = postSolution
		{55A53433-3BA2-46E3-B062-5C5B7DB96EDD}.Debug|Any CPU.ActiveCfg = Debug|Any CPU
		{55A53433-3BA2-46E3-B062-5C5B7DB96EDD}.Debug|Any CPU.Build.0 = Debug|Any CPU
		{55A53433-3BA2-46E3-B062-5C5B7DB96EDD}.Release|Any CPU.ActiveCfg = Release|Any CPU
		{55A53433-3BA2-46E3-B062-5C5B7DB96EDD}.Release|Any CPU.Build.0 = Release|Any CPU
		{DF205750-335F-4FC1-97B1-494F6A33B8C0}.Debug|Any CPU.ActiveCfg = Debug|Any CPU
		{DF205750-335F-4FC1-97B1-494F6A33B8C0}.Debug|Any CPU.Build.0 = Debug|Any CPU
		{DF205750-335F-4FC1-97B1-494F6A33B8C0}.Release|Any CPU.ActiveCfg = Release|Any CPU
		{DF205750-335F-4FC1-97B1-494F6A33B8C0}.Release|Any CPU.Build.0 = Release|Any CPU
	EndGlobalSection
	GlobalSection(SolutionProperties) = preSolution
		HideSolutionNode = FALSE
	EndGlobalSection
	GlobalSection(ExtensibilityGlobals) = postSolution
		SolutionGuid = {9100B0CA-C21C-4AEC-9A7B-DE790FF60512}
	EndGlobalSection
EndGlobal
